
Microsoft Visual Studio Solution File, Format Version 12.00
# Visual Studio Version 16
VisualStudioVersion = 16.0.31229.75
MinimumVisualStudioVersion = 10.0.40219.1
Project("{FAE04EC0-301F-11D3-BF4B-00C04F79EFBC}") = "W1D3c2", "W1D3c2\W1D3c2.csproj", "{8ECA9EFE-C804-40A2-8B2C-F040567CC32F}"
EndProject
Global
	GlobalSection(SolutionConfigurationPlatforms) = preSolution
		Debug|Any CPU = Debug|Any CPU
		Release|Any CPU = Release|Any CPU
	EndGlobalSection
	GlobalSection(ProjectConfigurationPlatforms) = postSolution
		{8ECA9EFE-C804-40A2-8B2C-F040567CC32F}.Debug|Any CPU.ActiveCfg = Debug|Any CPU
		{8ECA9EFE-C804-40A2-8B2C-F040567CC32F}.Debug|Any CPU.Build.0 = Debug|Any CPU
		{8ECA9EFE-C804-40A2-8B2C-F040567CC32F}.Release|Any CPU.ActiveCfg = Release|Any CPU
		{8ECA9EFE-C804-40A2-8B2C-F040567CC32F}.Release|Any CPU.Build.0 = Release|Any CPU
	EndGlobalSection
	GlobalSection(SolutionProperties) = preSolution
		HideSolutionNode = FALSE
	EndGlobalSection
	GlobalSection(ExtensibilityGlobals) = postSolution
		SolutionGuid = {84D91183-44CD-497D-BAFD-1F34235F491C}
	EndGlobalSection
EndGlobal
